
Microsoft Visual Studio Solution File, Format Version 11.00
# Visual C# Express 2010
Project("{FAE04EC0-301F-11D3-BF4B-00C04F79EFBC}") = "ConsoleApplication1", "ConsoleApplication1\ConsoleApplication1.csproj", "{E88B5213-2240-48CB-9761-610174F1DB4A}"
EndProject
Global
		Debug|x86 = Debug|x86
		Release|x86 = Release|x86
	EndGlobalSection
	GlobalSection(ProjectConfigurationPlatforms) = postSolution
		{E88B5213-2240-48CB-9761-610174F1DB4A}.Debug|x86.ActiveCfg = Debug|x86
		{E88B5213-2240-48CB-9761-610174F1DB4A}.Debug|x86.Build.0 = Debug|x86
		{E88B5213-2240-48CB-9761-610174F1DB4A}.Release|x86.ActiveCfg = Release|x86
		{E88B5213-2240-48CB-9761-610174F1DB4A}.Release|x86.Build.0 = Release|x86
	EndGlobalSection
	GlobalSection(SolutionProperties) = preSolution
		HideSolutionNode = FALSE
	EndGlobalSection
EndGlobal
