
Microsoft Visual Studio Solution File, Format Version 11.00
# Visual Studio 2010
Project("{FAE04EC0-301F-11D3-BF4B-00C04F79EFBC}") = "Сага о Юнити  Акт 2 часть первая", "Assembly-CSharp-firstpass.csproj", "{F6B975DB-BEFB-59EC-11BE-C269B7C89483}"
EndProject
Project("{FAE04EC0-301F-11D3-BF4B-00C04F79EFBC}") = "Сага о Юнити  Акт 2 часть первая", "Assembly-CSharp.csproj", "{32A88BF1-9F2B-E155-95D0-68AF31816E8F}"
EndProject
Project("{FAE04EC0-301F-11D3-BF4B-00C04F79EFBC}") = "Сага о Юнити  Акт 2 часть первая", "Assembly-CSharp-Editor-firstpass.csproj", "{2912E47E-24BA-3E40-2EB9-253A81C35829}"
EndProject
Global
	GlobalSection(SolutionConfigurationPlatforms) = preSolution
		Debug|Any CPU = Debug|Any CPU
		Release|Any CPU = Release|Any CPU
	EndGlobalSection
	GlobalSection(ProjectConfigurationPlatforms) = postSolution
		{F6B975DB-BEFB-59EC-11BE-C269B7C89483}.Debug|Any CPU.ActiveCfg = Debug|Any CPU
		{F6B975DB-BEFB-59EC-11BE-C269B7C89483}.Debug|Any CPU.Build.0 = Debug|Any CPU
		{F6B975DB-BEFB-59EC-11BE-C269B7C89483}.Release|Any CPU.ActiveCfg = Release|Any CPU
		{F6B975DB-BEFB-59EC-11BE-C269B7C89483}.Release|Any CPU.Build.0 = Release|Any CPU
		{32A88BF1-9F2B-E155-95D0-68AF31816E8F}.Debug|Any CPU.ActiveCfg = Debug|Any CPU
		{32A88BF1-9F2B-E155-95D0-68AF31816E8F}.Debug|Any CPU.Build.0 = Debug|Any CPU
		{32A88BF1-9F2B-E155-95D0-68AF31816E8F}.Release|Any CPU.ActiveCfg = Release|Any CPU
		{32A88BF1-9F2B-E155-95D0-68AF31816E8F}.Release|Any CPU.Build.0 = Release|Any CPU
		{2912E47E-24BA-3E40-2EB9-253A81C35829}.Debug|Any CPU.ActiveCfg = Debug|Any CPU
		{2912E47E-24BA-3E40-2EB9-253A81C35829}.Debug|Any CPU.Build.0 = Debug|Any CPU
		{2912E47E-24BA-3E40-2EB9-253A81C35829}.Release|Any CPU.ActiveCfg = Release|Any CPU
		{2912E47E-24BA-3E40-2EB9-253A81C35829}.Release|Any CPU.Build.0 = Release|Any CPU
	EndGlobalSection
	GlobalSection(SolutionProperties) = preSolution
		HideSolutionNode = FALSE
	EndGlobalSection
	GlobalSection(MonoDevelopProperties) = preSolution
		StartupItem = Assembly-CSharp.csproj
	EndGlobalSection
EndGlobal
