
Microsoft Visual Studio Solution File, Format Version 11.00
# Visual C# Express 2010
Project("{FAE04EC0-301F-11D3-BF4B-00C04F79EFBC}") = "signx", "signx\signx.csproj", "{C033CA44-4C00-4749-99E0-9C3BD2ACF3FF}"
EndProject
Global
	GlobalSection(SolutionConfigurationPlatforms) = preSolution
		Debug|x86 = Debug|x86
		Release|x86 = Release|x86
	EndGlobalSection
	GlobalSection(ProjectConfigurationPlatforms) = postSolution
		{C033CA44-4C00-4749-99E0-9C3BD2ACF3FF}.Debug|x86.ActiveCfg = Debug|x86
		{C033CA44-4C00-4749-99E0-9C3BD2ACF3FF}.Debug|x86.Build.0 = Debug|x86
		{C033CA44-4C00-4749-99E0-9C3BD2ACF3FF}.Release|x86.ActiveCfg = Release|x86
		{C033CA44-4C00-4749-99E0-9C3BD2ACF3FF}.Release|x86.Build.0 = Release|x86
	EndGlobalSection
	GlobalSection(SolutionProperties) = preSolution
		HideSolutionNode = FALSE
	EndGlobalSection
EndGlobal
